// !$*UTF8*$!
{
	archiveVersion = 1;
	classes = {
	};
	objectVersion = 55;
	objects = {

/* Begin PBXBuildFile section */
		A842DC652818F98C00285445 /* AppDelegate.swift in Sources */ = {isa = PBXBuildFile; fileRef = A842DC642818F98C00285445 /* AppDelegate.swift */; };
		A842DC672818F98C00285445 /* SceneDelegate.swift in Sources */ = {isa = PBXBuildFile; fileRef = A842DC662818F98C00285445 /* SceneDelegate.swift */; };
		A842DC692818F98C00285445 /* ViewController.swift in Sources */ = {isa = PBXBuildFile; fileRef = A842DC682818F98C00285445 /* ViewController.swift */; };
		A842DC6C2818F98C00285445 /* Main.storyboard in Resources */ = {isa = PBXBuildFile; fileRef = A842DC6A2818F98C00285445 /* Main.storyboard */; };
		A842DC6E2818F98E00285445 /* Assets.xcassets in Resources */ = {isa = PBXBuildFile; fileRef = A842DC6D2818F98E00285445 /* Assets.xcassets */; };
		A842DC712818F98E00285445 /* LaunchScreen.storyboard in Resources */ = {isa = PBXBuildFile; fileRef = A842DC6F2818F98E00285445 /* LaunchScreen.storyboard */; };
		A842DC7928190B1300285445 /* Product.swift in Sources */ = {isa = PBXBuildFile; fileRef = A842DC7828190B1300285445 /* Product.swift */; };
		A842DC7B28190DCE00285445 /* GroceryListTableViewController.swift in Sources */ = {isa = PBXBuildFile; fileRef = A842DC7A28190DCE00285445 /* GroceryListTableViewController.swift */; };
		A842DC7D28190EF700285445 /* AllProductsTableViewController.swift in Sources */ = {isa = PBXBuildFile; fileRef = A842DC7C28190EF700285445 /* AllProductsTableViewController.swift */; };
		A842DC7F28190F1A00285445 /* ItemSelectedViewController.swift in Sources */ = {isa = PBXBuildFile; fileRef = A842DC7E28190F1A00285445 /* ItemSelectedViewController.swift */; };
		A8AC94B0281FA4F400B68907 /* ProductCountTableViewCell.swift in Sources */ = {isa = PBXBuildFile; fileRef = A8AC94AF281FA4F400B68907 /* ProductCountTableViewCell.swift */; };
		FC4ADD2528200FCA00DF95C6 /* AddProductDelegate.swift in Sources */ = {isa = PBXBuildFile; fileRef = FC4ADD2428200FCA00DF95C6 /* AddProductDelegate.swift */; };
/* End PBXBuildFile section */

/* Begin PBXFileReference section */
		A842DC612818F98C00285445 /* FIT3178-Sav-E.app */ = {isa = PBXFileReference; explicitFileType = wrapper.application; includeInIndex = 0; path = "FIT3178-Sav-E.app"; sourceTree = BUILT_PRODUCTS_DIR; };
		A842DC642818F98C00285445 /* AppDelegate.swift */ = {isa = PBXFileReference; lastKnownFileType = sourcecode.swift; path = AppDelegate.swift; sourceTree = "<group>"; };
		A842DC662818F98C00285445 /* SceneDelegate.swift */ = {isa = PBXFileReference; lastKnownFileType = sourcecode.swift; path = SceneDelegate.swift; sourceTree = "<group>"; };
		A842DC682818F98C00285445 /* ViewController.swift */ = {isa = PBXFileReference; lastKnownFileType = sourcecode.swift; path = ViewController.swift; sourceTree = "<group>"; };
		A842DC6B2818F98C00285445 /* Base */ = {isa = PBXFileReference; lastKnownFileType = file.storyboard; name = Base; path = Base.lproj/Main.storyboard; sourceTree = "<group>"; };
		A842DC6D2818F98E00285445 /* Assets.xcassets */ = {isa = PBXFileReference; lastKnownFileType = folder.assetcatalog; path = Assets.xcassets; sourceTree = "<group>"; };
		A842DC702818F98E00285445 /* Base */ = {isa = PBXFileReference; lastKnownFileType = file.storyboard; name = Base; path = Base.lproj/LaunchScreen.storyboard; sourceTree = "<group>"; };
		A842DC722818F98E00285445 /* Info.plist */ = {isa = PBXFileReference; lastKnownFileType = text.plist.xml; path = Info.plist; sourceTree = "<group>"; };
		A842DC7828190B1300285445 /* Product.swift */ = {isa = PBXFileReference; lastKnownFileType = sourcecode.swift; path = Product.swift; sourceTree = "<group>"; };
		A842DC7A28190DCE00285445 /* GroceryListTableViewController.swift */ = {isa = PBXFileReference; lastKnownFileType = sourcecode.swift; path = GroceryListTableViewController.swift; sourceTree = "<group>"; };
		A842DC7C28190EF700285445 /* AllProductsTableViewController.swift */ = {isa = PBXFileReference; lastKnownFileType = sourcecode.swift; path = AllProductsTableViewController.swift; sourceTree = "<group>"; };
		A842DC7E28190F1A00285445 /* ItemSelectedViewController.swift */ = {isa = PBXFileReference; lastKnownFileType = sourcecode.swift; path = ItemSelectedViewController.swift; sourceTree = "<group>"; };
		A8AC94AF281FA4F400B68907 /* ProductCountTableViewCell.swift */ = {isa = PBXFileReference; lastKnownFileType = sourcecode.swift; path = ProductCountTableViewCell.swift; sourceTree = "<group>"; };
		FC4ADD2428200FCA00DF95C6 /* AddProductDelegate.swift */ = {isa = PBXFileReference; lastKnownFileType = sourcecode.swift; path = AddProductDelegate.swift; sourceTree = "<group>"; };
/* End PBXFileReference section */

/* Begin PBXFrameworksBuildPhase section */
		A842DC5E2818F98C00285445 /* Frameworks */ = {
			isa = PBXFrameworksBuildPhase;
			buildActionMask = 2147483647;
			files = (
			);
			runOnlyForDeploymentPostprocessing = 0;
		};
/* End PBXFrameworksBuildPhase section */

/* Begin PBXGroup section */
		A842DC582818F98C00285445 = {
			isa = PBXGroup;
			children = (
				A842DC632818F98C00285445 /* FIT3178-Sav-E */,
				A842DC622818F98C00285445 /* Products */,
			);
			sourceTree = "<group>";
		};
		A842DC622818F98C00285445 /* Products */ = {
			isa = PBXGroup;
			children = (
				A842DC612818F98C00285445 /* FIT3178-Sav-E.app */,
			);
			name = Products;
			sourceTree = "<group>";
		};
		A842DC632818F98C00285445 /* FIT3178-Sav-E */ = {
			isa = PBXGroup;
			children = (
				A842DC7A28190DCE00285445 /* GroceryListTableViewController.swift */,
				A842DC7C28190EF700285445 /* AllProductsTableViewController.swift */,
				A842DC7E28190F1A00285445 /* ItemSelectedViewController.swift */,
				A8AC94AF281FA4F400B68907 /* ProductCountTableViewCell.swift */,
				FC4ADD2428200FCA00DF95C6 /* AddProductDelegate.swift */,
				A842DC642818F98C00285445 /* AppDelegate.swift */,
				A842DC662818F98C00285445 /* SceneDelegate.swift */,
				A842DC682818F98C00285445 /* ViewController.swift */,
				A842DC7828190B1300285445 /* Product.swift */,
				A842DC6A2818F98C00285445 /* Main.storyboard */,
				A842DC6D2818F98E00285445 /* Assets.xcassets */,
				A842DC6F2818F98E00285445 /* LaunchScreen.storyboard */,
				A842DC722818F98E00285445 /* Info.plist */,
			);
			path = "FIT3178-Sav-E";
			sourceTree = "<group>";
		};
/* End PBXGroup section */

/* Begin PBXNativeTarget section */
		A842DC602818F98C00285445 /* FIT3178-Sav-E */ = {
			isa = PBXNativeTarget;
			buildConfigurationList = A842DC752818F98F00285445 /* Build configuration list for PBXNativeTarget "FIT3178-Sav-E" */;
			buildPhases = (
				A842DC5D2818F98C00285445 /* Sources */,
				A842DC5E2818F98C00285445 /* Frameworks */,
				A842DC5F2818F98C00285445 /* Resources */,
			);
			buildRules = (
			);
			dependencies = (
			);
			name = "FIT3178-Sav-E";
			productName = "FIT3178-Sav-E";
			productReference = A842DC612818F98C00285445 /* FIT3178-Sav-E.app */;
			productType = "com.apple.product-type.application";
		};
/* End PBXNativeTarget section */

/* Begin PBXProject section */
		A842DC592818F98C00285445 /* Project object */ = {
			isa = PBXProject;
			attributes = {
				BuildIndependentTargetsInParallel = 1;
				LastSwiftUpdateCheck = 1320;
				LastUpgradeCheck = 1320;
				TargetAttributes = {
					A842DC602818F98C00285445 = {
						CreatedOnToolsVersion = 13.2.1;
					};
				};
			};
			buildConfigurationList = A842DC5C2818F98C00285445 /* Build configuration list for PBXProject "FIT3178-Sav-E" */;
			compatibilityVersion = "Xcode 13.0";
			developmentRegion = en;
			hasScannedForEncodings = 0;
			knownRegions = (
				en,
				Base,
			);
			mainGroup = A842DC582818F98C00285445;
			productRefGroup = A842DC622818F98C00285445 /* Products */;
			projectDirPath = "";
			projectRoot = "";
			targets = (
				A842DC602818F98C00285445 /* FIT3178-Sav-E */,
			);
		};
/* End PBXProject section */

/* Begin PBXResourcesBuildPhase section */
		A842DC5F2818F98C00285445 /* Resources */ = {
			isa = PBXResourcesBuildPhase;
			buildActionMask = 2147483647;
			files = (
				A842DC712818F98E00285445 /* LaunchScreen.storyboard in Resources */,
				A842DC6E2818F98E00285445 /* Assets.xcassets in Resources */,
				A842DC6C2818F98C00285445 /* Main.storyboard in Resources */,
			);
			runOnlyForDeploymentPostprocessing = 0;
		};
/* End PBXResourcesBuildPhase section */

/* Begin PBXSourcesBuildPhase section */
		A842DC5D2818F98C00285445 /* Sources */ = {
			isa = PBXSourcesBuildPhase;
			buildActionMask = 2147483647;
			files = (
				A842DC692818F98C00285445 /* ViewController.swift in Sources */,
				A842DC7D28190EF700285445 /* AllProductsTableViewController.swift in Sources */,
				A842DC7928190B1300285445 /* Product.swift in Sources */,
				A842DC7B28190DCE00285445 /* GroceryListTableViewController.swift in Sources */,
				A842DC7F28190F1A00285445 /* ItemSelectedViewController.swift in Sources */,
				FC4ADD2528200FCA00DF95C6 /* AddProductDelegate.swift in Sources */,
				A842DC652818F98C00285445 /* AppDelegate.swift in Sources */,
				A842DC672818F98C00285445 /* SceneDelegate.swift in Sources */,
				A8AC94B0281FA4F400B68907 /* ProductCountTableViewCell.swift in Sources */,
			);
			runOnlyForDeploymentPostprocessing = 0;
		};
/* End PBXSourcesBuildPhase section */

/* Begin PBXVariantGroup section */
		A842DC6A2818F98C00285445 /* Main.storyboard */ = {
			isa = PBXVariantGroup;
			children = (
				A842DC6B2818F98C00285445 /* Base */,
			);
			name = Main.storyboard;
			sourceTree = "<group>";
		};
		A842DC6F2818F98E00285445 /* LaunchScreen.storyboard */ = {
			isa = PBXVariantGroup;
			children = (
				A842DC702818F98E00285445 /* Base */,
			);
			name = LaunchScreen.storyboard;
			sourceTree = "<group>";
		};
/* End PBXVariantGroup section */

/* Begin XCBuildConfiguration section */
		A842DC732818F98F00285445 /* Debug */ = {
			isa = XCBuildConfiguration;
			buildSettings = {
				ALWAYS_SEARCH_USER_PATHS = NO;
				CLANG_ANALYZER_NONNULL = YES;
				CLANG_ANALYZER_NUMBER_OBJECT_CONVERSION = YES_AGGRESSIVE;
				CLANG_CXX_LANGUAGE_STANDARD = "gnu++17";
				CLANG_CXX_LIBRARY = "libc++";
				CLANG_ENABLE_MODULES = YES;
				CLANG_ENABLE_OBJC_ARC = YES;
				CLANG_ENABLE_OBJC_WEAK = YES;
				CLANG_WARN_BLOCK_CAPTURE_AUTORELEASING = YES;
				CLANG_WARN_BOOL_CONVERSION = YES;
				CLANG_WARN_COMMA = YES;
				CLANG_WARN_CONSTANT_CONVERSION = YES;
				CLANG_WARN_DEPRECATED_OBJC_IMPLEMENTATIONS = YES;
				CLANG_WARN_DIRECT_OBJC_ISA_USAGE = YES_ERROR;
				CLANG_WARN_DOCUMENTATION_COMMENTS = YES;
				CLANG_WARN_EMPTY_BODY = YES;
				CLANG_WARN_ENUM_CONVERSION = YES;
				CLANG_WARN_INFINITE_RECURSION = YES;
				CLANG_WARN_INT_CONVERSION = YES;
				CLANG_WARN_NON_LITERAL_NULL_CONVERSION = YES;
				CLANG_WARN_OBJC_IMPLICIT_RETAIN_SELF = YES;
				CLANG_WARN_OBJC_LITERAL_CONVERSION = YES;
				CLANG_WARN_OBJC_ROOT_CLASS = YES_ERROR;
				CLANG_WARN_QUOTED_INCLUDE_IN_FRAMEWORK_HEADER = YES;
				CLANG_WARN_RANGE_LOOP_ANALYSIS = YES;
				CLANG_WARN_STRICT_PROTOTYPES = YES;
				CLANG_WARN_SUSPICIOUS_MOVE = YES;
				CLANG_WARN_UNGUARDED_AVAILABILITY = YES_AGGRESSIVE;
				CLANG_WARN_UNREACHABLE_CODE = YES;
				CLANG_WARN__DUPLICATE_METHOD_MATCH = YES;
				COPY_PHASE_STRIP = NO;
				DEBUG_INFORMATION_FORMAT = dwarf;
				ENABLE_STRICT_OBJC_MSGSEND = YES;
				ENABLE_TESTABILITY = YES;
				GCC_C_LANGUAGE_STANDARD = gnu11;
				GCC_DYNAMIC_NO_PIC = NO;
				GCC_NO_COMMON_BLOCKS = YES;
				GCC_OPTIMIZATION_LEVEL = 0;
				GCC_PREPROCESSOR_DEFINITIONS = (
					"DEBUG=1",
					"$(inherited)",
				);
				GCC_WARN_64_TO_32_BIT_CONVERSION = YES;
				GCC_WARN_ABOUT_RETURN_TYPE = YES_ERROR;
				GCC_WARN_UNDECLARED_SELECTOR = YES;
				GCC_WARN_UNINITIALIZED_AUTOS = YES_AGGRESSIVE;
				GCC_WARN_UNUSED_FUNCTION = YES;
				GCC_WARN_UNUSED_VARIABLE = YES;
				IPHONEOS_DEPLOYMENT_TARGET = 15.2;
				MTL_ENABLE_DEBUG_INFO = INCLUDE_SOURCE;
				MTL_FAST_MATH = YES;
				ONLY_ACTIVE_ARCH = YES;
				SDKROOT = iphoneos;
				SWIFT_ACTIVE_COMPILATION_CONDITIONS = DEBUG;
				SWIFT_OPTIMIZATION_LEVEL = "-Onone";
			};
			name = Debug;
		};
		A842DC742818F98F00285445 /* Release */ = {
			isa = XCBuildConfiguration;
			buildSettings = {
				ALWAYS_SEARCH_USER_PATHS = NO;
				CLANG_ANALYZER_NONNULL = YES;
				CLANG_ANALYZER_NUMBER_OBJECT_CONVERSION = YES_AGGRESSIVE;
				CLANG_CXX_LANGUAGE_STANDARD = "gnu++17";
				CLANG_CXX_LIBRARY = "libc++";
				CLANG_ENABLE_MODULES = YES;
				CLANG_ENABLE_OBJC_ARC = YES;
				CLANG_ENABLE_OBJC_WEAK = YES;
				CLANG_WARN_BLOCK_CAPTURE_AUTORELEASING = YES;
				CLANG_WARN_BOOL_CONVERSION = YES;
				CLANG_WARN_COMMA = YES;
				CLANG_WARN_CONSTANT_CONVERSION = YES;
				CLANG_WARN_DEPRECATED_OBJC_IMPLEMENTATIONS = YES;
				CLANG_WARN_DIRECT_OBJC_ISA_USAGE = YES_ERROR;
				CLANG_WARN_DOCUMENTATION_COMMENTS = YES;
				CLANG_WARN_EMPTY_BODY = YES;
				CLANG_WARN_ENUM_CONVERSION = YES;
				CLANG_WARN_INFINITE_RECURSION = YES;
				CLANG_WARN_INT_CONVERSION = YES;
				CLANG_WARN_NON_LITERAL_NULL_CONVERSION = YES;
				CLANG_WARN_OBJC_IMPLICIT_RETAIN_SELF = YES;
				CLANG_WARN_OBJC_LITERAL_CONVERSION = YES;
				CLANG_WARN_OBJC_ROOT_CLASS = YES_ERROR;
				CLANG_WARN_QUOTED_INCLUDE_IN_FRAMEWORK_HEADER = YES;
				CLANG_WARN_RANGE_LOOP_ANALYSIS = YES;
				CLANG_WARN_STRICT_PROTOTYPES = YES;
				CLANG_WARN_SUSPICIOUS_MOVE = YES;
				CLANG_WARN_UNGUARDED_AVAILABILITY = YES_AGGRESSIVE;
				CLANG_WARN_UNREACHABLE_CODE = YES;
				CLANG_WARN__DUPLICATE_METHOD_MATCH = YES;
				COPY_PHASE_STRIP = NO;
				DEBUG_INFORMATION_FORMAT = "dwarf-with-dsym";
				ENABLE_NS_ASSERTIONS = NO;
				ENABLE_STRICT_OBJC_MSGSEND = YES;
				GCC_C_LANGUAGE_STANDARD = gnu11;
				GCC_NO_COMMON_BLOCKS = YES;
				GCC_WARN_64_TO_32_BIT_CONVERSION = YES;
				GCC_WARN_ABOUT_RETURN_TYPE = YES_ERROR;
				GCC_WARN_UNDECLARED_SELECTOR = YES;
				GCC_WARN_UNINITIALIZED_AUTOS = YES_AGGRESSIVE;
				GCC_WARN_UNUSED_FUNCTION = YES;
				GCC_WARN_UNUSED_VARIABLE = YES;
				IPHONEOS_DEPLOYMENT_TARGET = 15.2;
				MTL_ENABLE_DEBUG_INFO = NO;
				MTL_FAST_MATH = YES;
				SDKROOT = iphoneos;
				SWIFT_COMPILATION_MODE = wholemodule;
				SWIFT_OPTIMIZATION_LEVEL = "-O";
				VALIDATE_PRODUCT = YES;
			};
			name = Release;
		};
		A842DC762818F98F00285445 /* Debug */ = {
			isa = XCBuildConfiguration;
			buildSettings = {
				ASSETCATALOG_COMPILER_APPICON_NAME = AppIcon;
				ASSETCATALOG_COMPILER_GLOBAL_ACCENT_COLOR_NAME = AccentColor;
				CODE_SIGN_STYLE = Automatic;
				CURRENT_PROJECT_VERSION = 1;
				GENERATE_INFOPLIST_FILE = YES;
				INFOPLIST_FILE = "FIT3178-Sav-E/Info.plist";
				INFOPLIST_KEY_UIApplicationSupportsIndirectInputEvents = YES;
				INFOPLIST_KEY_UILaunchStoryboardName = LaunchScreen;
				INFOPLIST_KEY_UIMainStoryboardFile = Main;
				INFOPLIST_KEY_UISupportedInterfaceOrientations_iPad = "UIInterfaceOrientationPortrait UIInterfaceOrientationPortraitUpsideDown UIInterfaceOrientationLandscapeLeft UIInterfaceOrientationLandscapeRight";
				INFOPLIST_KEY_UISupportedInterfaceOrientations_iPhone = "UIInterfaceOrientationPortrait UIInterfaceOrientationLandscapeLeft UIInterfaceOrientationLandscapeRight";
				LD_RUNPATH_SEARCH_PATHS = (
					"$(inherited)",
					"@executable_path/Frameworks",
				);
				MARKETING_VERSION = 1.0;
				PRODUCT_BUNDLE_IDENTIFIER = "edu.monash.FIT3178-Sav-E";
				PRODUCT_NAME = "$(TARGET_NAME)";
				SWIFT_EMIT_LOC_STRINGS = YES;
				SWIFT_VERSION = 5.0;
				TARGETED_DEVICE_FAMILY = "1,2";
			};
			name = Debug;
		};
		A842DC772818F98F00285445 /* Release */ = {
			isa = XCBuildConfiguration;
			buildSettings = {
				ASSETCATALOG_COMPILER_APPICON_NAME = AppIcon;
				ASSETCATALOG_COMPILER_GLOBAL_ACCENT_COLOR_NAME = AccentColor;
				CODE_SIGN_STYLE = Automatic;
				CURRENT_PROJECT_VERSION = 1;
				GENERATE_INFOPLIST_FILE = YES;
				INFOPLIST_FILE = "FIT3178-Sav-E/Info.plist";
				INFOPLIST_KEY_UIApplicationSupportsIndirectInputEvents = YES;
				INFOPLIST_KEY_UILaunchStoryboardName = LaunchScreen;
				INFOPLIST_KEY_UIMainStoryboardFile = Main;
				INFOPLIST_KEY_UISupportedInterfaceOrientations_iPad = "UIInterfaceOrientationPortrait UIInterfaceOrientationPortraitUpsideDown UIInterfaceOrientationLandscapeLeft UIInterfaceOrientationLandscapeRight";
				INFOPLIST_KEY_UISupportedInterfaceOrientations_iPhone = "UIInterfaceOrientationPortrait UIInterfaceOrientationLandscapeLeft UIInterfaceOrientationLandscapeRight";
				LD_RUNPATH_SEARCH_PATHS = (
					"$(inherited)",
					"@executable_path/Frameworks",
				);
				MARKETING_VERSION = 1.0;
				PRODUCT_BUNDLE_IDENTIFIER = "edu.monash.FIT3178-Sav-E";
				PRODUCT_NAME = "$(TARGET_NAME)";
				SWIFT_EMIT_LOC_STRINGS = YES;
				SWIFT_VERSION = 5.0;
				TARGETED_DEVICE_FAMILY = "1,2";
			};
			name = Release;
		};
/* End XCBuildConfiguration section */

/* Begin XCConfigurationList section */
		A842DC5C2818F98C00285445 /* Build configuration list for PBXProject "FIT3178-Sav-E" */ = {
			isa = XCConfigurationList;
			buildConfigurations = (
				A842DC732818F98F00285445 /* Debug */,
				A842DC742818F98F00285445 /* Release */,
			);
			defaultConfigurationIsVisible = 0;
			defaultConfigurationName = Release;
		};
		A842DC752818F98F00285445 /* Build configuration list for PBXNativeTarget "FIT3178-Sav-E" */ = {
			isa = XCConfigurationList;
			buildConfigurations = (
				A842DC762818F98F00285445 /* Debug */,
				A842DC772818F98F00285445 /* Release */,
			);
			defaultConfigurationIsVisible = 0;
			defaultConfigurationName = Release;
		};
/* End XCConfigurationList section */
	};
	rootObject = A842DC592818F98C00285445 /* Project object */;
}
